// !$*UTF8*$!
{
	archiveVersion = 1;
	classes = {
	};
	objectVersion = 77;
	objects = {

/* Begin PBXBuildFile section */
		60D2C09E2EA7CFEC000A6C4A /* README.md in Resources */ = {isa = PBXBuildFile; fileRef = 60D2C09D2EA7CFEC000A6C4A /* README.md */; };
/* End PBXBuildFile section */

/* Begin PBXContainerItemProxy section */
		60B570C02EA616CA000B3FDE /* PBXContainerItemProxy */ = {
			isa = PBXContainerItemProxy;
			containerPortal = 60B570A82EA616C8000B3FDE /* Project object */;
			proxyType = 1;
			remoteGlobalIDString = 60B570AF2EA616C8000B3FDE;
			remoteInfo = MedalWall;
		};
		60B570CA2EA616CA000B3FDE /* PBXContainerItemProxy */ = {
			isa = PBXContainerItemProxy;
			containerPortal = 60B570A82EA616C8000B3FDE /* Project object */;
			proxyType = 1;
			remoteGlobalIDString = 60B570AF2EA616C8000B3FDE;
			remoteInfo = MedalWall;
		};
/* End PBXContainerItemProxy section */

/* Begin PBXFileReference section */
		60B570B02EA616C8000B3FDE /* MedalWall.app */ = {isa = PBXFileReference; explicitFileType = wrapper.application; includeInIndex = 0; path = MedalWall.app; sourceTree = BUILT_PRODUCTS_DIR; };
		60B570BF2EA616CA000B3FDE /* MedalWallTests.xctest */ = {isa = PBXFileReference; explicitFileType = wrapper.cfbundle; includeInIndex = 0; path = MedalWallTests.xctest; sourceTree = BUILT_PRODUCTS_DIR; };
		60B570C92EA616CA000B3FDE /* MedalWallUITests.xctest */ = {isa = PBXFileReference; explicitFileType = wrapper.cfbundle; includeInIndex = 0; path = MedalWallUITests.xctest; sourceTree = BUILT_PRODUCTS_DIR; };
		60D2C09D2EA7CFEC000A6C4A /* README.md */ = {isa = PBXFileReference; lastKnownFileType = net.daringfireball.markdown; path = README.md; sourceTree = "<group>"; };
/* End PBXFileReference section */

/* Begin PBXFileSystemSynchronizedBuildFileExceptionSet section */
		605C9AA02ECB0935007D3A96 /* Exceptions for "MedalWall" folder in "MedalWallTests" target */ = {
			isa = PBXFileSystemSynchronizedBuildFileExceptionSet;
			membershipExceptions = (
				Features/Race/ViewModels/RaceEditViewModel.swift,
				Features/Race/ViewModels/RacesViewModel.swift,
				Models/Medal/Medal.swift,
				Models/Race/Race.swift,
				Models/Race/RaceFilter.swift,
				Models/Race/RaceLocation.swift,
				Models/Race/RaceType.swift,
				Models/Race/Sport.swift,
				Models/RaceCategory/RaceCategory.swift,
				Models/RaceCategory/RaceDistance.swift,
				Models/RaceCategory/RaceDistanceCategory.swift,
				Models/RaceCategory/RaceDistanceCategoryGroup.swift,
				Models/RaceCategory/RaceDistanceType.swift,
				Models/User/Gender.swift,
				Models/User/MeasurementUnit.swift,
				Models/User/User.swift,
				Models/User/UserName.swift,
				Resources/DefaultDataSeeder.swift,
				"Resources/SampleData/Medal+SampleData.swift",
				"Resources/SampleData/Race+SampleData.swift",
				"Resources/SampleData/User+SampleData.swift",
				Shared/Errors/AppError.swift,
				Shared/Errors/ErrorWrapper.swift,
			);
			target = 60B570BE2EA616CA000B3FDE /* MedalWallTests */;
		};
/* End PBXFileSystemSynchronizedBuildFileExceptionSet section */

/* Begin PBXFileSystemSynchronizedRootGroup section */
		60B570B22EA616C8000B3FDE /* MedalWall */ = {
			isa = PBXFileSystemSynchronizedRootGroup;
			exceptions = (
				605C9AA02ECB0935007D3A96 /* Exceptions for "MedalWall" folder in "MedalWallTests" target */,
			);
			path = MedalWall;
			sourceTree = "<group>";
		};
		60B570C22EA616CA000B3FDE /* MedalWallTests */ = {
			isa = PBXFileSystemSynchronizedRootGroup;
			path = MedalWallTests;
			sourceTree = "<group>";
		};
		60B570CC2EA616CA000B3FDE /* MedalWallUITests */ = {
			isa = PBXFileSystemSynchronizedRootGroup;
			path = MedalWallUITests;
			sourceTree = "<group>";
		};
/* End PBXFileSystemSynchronizedRootGroup section */

/* Begin PBXFrameworksBuildPhase section */
		60B570AD2EA616C8000B3FDE /* Frameworks */ = {
			isa = PBXFrameworksBuildPhase;
			buildActionMask = 2147483647;
			files = (
			);
			runOnlyForDeploymentPostprocessing = 0;
		};
		60B570BC2EA616CA000B3FDE /* Frameworks */ = {
			isa = PBXFrameworksBuildPhase;
			buildActionMask = 2147483647;
			files = (
			);
			runOnlyForDeploymentPostprocessing = 0;
		};
		60B570C62EA616CA000B3FDE /* Frameworks */ = {
			isa = PBXFrameworksBuildPhase;
			buildActionMask = 2147483647;
			files = (
			);
			runOnlyForDeploymentPostprocessing = 0;
		};
/* End PBXFrameworksBuildPhase section */

/* Begin PBXGroup section */
		60B570A72EA616C8000B3FDE = {
			isa = PBXGroup;
			children = (
				60D2C09D2EA7CFEC000A6C4A /* README.md */,
				60B570B22EA616C8000B3FDE /* MedalWall */,
				60B570C22EA616CA000B3FDE /* MedalWallTests */,
				60B570CC2EA616CA000B3FDE /* MedalWallUITests */,
				60B570B12EA616C8000B3FDE /* Products */,
			);
			sourceTree = "<group>";
		};
		60B570B12EA616C8000B3FDE /* Products */ = {
			isa = PBXGroup;
			children = (
				60B570B02EA616C8000B3FDE /* MedalWall.app */,
				60B570BF2EA616CA000B3FDE /* MedalWallTests.xctest */,
				60B570C92EA616CA000B3FDE /* MedalWallUITests.xctest */,
			);
			name = Products;
			sourceTree = "<group>";
		};
/* End PBXGroup section */

/* Begin PBXNativeTarget section */
		60B570AF2EA616C8000B3FDE /* MedalWall */ = {
			isa = PBXNativeTarget;
			buildConfigurationList = 60B570D32EA616CA000B3FDE /* Build configuration list for PBXNativeTarget "MedalWall" */;
			buildPhases = (
				60B570AC2EA616C8000B3FDE /* Sources */,
				60B570AD2EA616C8000B3FDE /* Frameworks */,
				60B570AE2EA616C8000B3FDE /* Resources */,
			);
			buildRules = (
			);
			dependencies = (
			);
			fileSystemSynchronizedGroups = (
				60B570B22EA616C8000B3FDE /* MedalWall */,
			);
			name = MedalWall;
			packageProductDependencies = (
			);
			productName = MedalWall;
			productReference = 60B570B02EA616C8000B3FDE /* MedalWall.app */;
			productType = "com.apple.product-type.application";
		};
		60B570BE2EA616CA000B3FDE /* MedalWallTests */ = {
			isa = PBXNativeTarget;
			buildConfigurationList = 60B570D62EA616CA000B3FDE /* Build configuration list for PBXNativeTarget "MedalWallTests" */;
			buildPhases = (
				60B570BB2EA616CA000B3FDE /* Sources */,
				60B570BC2EA616CA000B3FDE /* Frameworks */,
				60B570BD2EA616CA000B3FDE /* Resources */,
			);
			buildRules = (
			);
			dependencies = (
				60B570C12EA616CA000B3FDE /* PBXTargetDependency */,
			);
			fileSystemSynchronizedGroups = (
				60B570C22EA616CA000B3FDE /* MedalWallTests */,
			);
			name = MedalWallTests;
			packageProductDependencies = (
			);
			productName = MedalWallTests;
			productReference = 60B570BF2EA616CA000B3FDE /* MedalWallTests.xctest */;
			productType = "com.apple.product-type.bundle.unit-test";
		};
		60B570C82EA616CA000B3FDE /* MedalWallUITests */ = {
			isa = PBXNativeTarget;
			buildConfigurationList = 60B570D92EA616CA000B3FDE /* Build configuration list for PBXNativeTarget "MedalWallUITests" */;
			buildPhases = (
				60B570C52EA616CA000B3FDE /* Sources */,
				60B570C62EA616CA000B3FDE /* Frameworks */,
				60B570C72EA616CA000B3FDE /* Resources */,
			);
			buildRules = (
			);
			dependencies = (
				60B570CB2EA616CA000B3FDE /* PBXTargetDependency */,
			);
			fileSystemSynchronizedGroups = (
				60B570CC2EA616CA000B3FDE /* MedalWallUITests */,
			);
			name = MedalWallUITests;
			packageProductDependencies = (
			);
			productName = MedalWallUITests;
			productReference = 60B570C92EA616CA000B3FDE /* MedalWallUITests.xctest */;
			productType = "com.apple.product-type.bundle.ui-testing";
		};
/* End PBXNativeTarget section */

/* Begin PBXProject section */
		60B570A82EA616C8000B3FDE /* Project object */ = {
			isa = PBXProject;
			attributes = {
				BuildIndependentTargetsInParallel = 1;
				LastSwiftUpdateCheck = 2600;
				LastUpgradeCheck = 2600;
				TargetAttributes = {
					60B570AF2EA616C8000B3FDE = {
						CreatedOnToolsVersion = 26.0.1;
					};
					60B570BE2EA616CA000B3FDE = {
						CreatedOnToolsVersion = 26.0.1;
						TestTargetID = 60B570AF2EA616C8000B3FDE;
					};
					60B570C82EA616CA000B3FDE = {
						CreatedOnToolsVersion = 26.0.1;
						TestTargetID = 60B570AF2EA616C8000B3FDE;
					};
				};
			};
			buildConfigurationList = 60B570AB2EA616C8000B3FDE /* Build configuration list for PBXProject "MedalWall" */;
			developmentRegion = en;
			hasScannedForEncodings = 0;
			knownRegions = (
				en,
				Base,
			);
			mainGroup = 60B570A72EA616C8000B3FDE;
			minimizedProjectReferenceProxies = 1;
			preferredProjectObjectVersion = 77;
			productRefGroup = 60B570B12EA616C8000B3FDE /* Products */;
			projectDirPath = "";
			projectRoot = "";
			targets = (
				60B570AF2EA616C8000B3FDE /* MedalWall */,
				60B570BE2EA616CA000B3FDE /* MedalWallTests */,
				60B570C82EA616CA000B3FDE /* MedalWallUITests */,
			);
		};
/* End PBXProject section */

/* Begin PBXResourcesBuildPhase section */
		60B570AE2EA616C8000B3FDE /* Resources */ = {
			isa = PBXResourcesBuildPhase;
			buildActionMask = 2147483647;
			files = (
				60D2C09E2EA7CFEC000A6C4A /* README.md in Resources */,
			);
			runOnlyForDeploymentPostprocessing = 0;
		};
		60B570BD2EA616CA000B3FDE /* Resources */ = {
			isa = PBXResourcesBuildPhase;
			buildActionMask = 2147483647;
			files = (
			);
			runOnlyForDeploymentPostprocessing = 0;
		};
		60B570C72EA616CA000B3FDE /* Resources */ = {
			isa = PBXResourcesBuildPhase;
			buildActionMask = 2147483647;
			files = (
			);
			runOnlyForDeploymentPostprocessing = 0;
		};
/* End PBXResourcesBuildPhase section */

/* Begin PBXSourcesBuildPhase section */
		60B570AC2EA616C8000B3FDE /* Sources */ = {
			isa = PBXSourcesBuildPhase;
			buildActionMask = 2147483647;
			files = (
			);
			runOnlyForDeploymentPostprocessing = 0;
		};
		60B570BB2EA616CA000B3FDE /* Sources */ = {
			isa = PBXSourcesBuildPhase;
			buildActionMask = 2147483647;
			files = (
			);
			runOnlyForDeploymentPostprocessing = 0;
		};
		60B570C52EA616CA000B3FDE /* Sources */ = {
			isa = PBXSourcesBuildPhase;
			buildActionMask = 2147483647;
			files = (
			);
			runOnlyForDeploymentPostprocessing = 0;
		};
/* End PBXSourcesBuildPhase section */

/* Begin PBXTargetDependency section */
		60B570C12EA616CA000B3FDE /* PBXTargetDependency */ = {
			isa = PBXTargetDependency;
			target = 60B570AF2EA616C8000B3FDE /* MedalWall */;
			targetProxy = 60B570C02EA616CA000B3FDE /* PBXContainerItemProxy */;
		};
		60B570CB2EA616CA000B3FDE /* PBXTargetDependency */ = {
			isa = PBXTargetDependency;
			target = 60B570AF2EA616C8000B3FDE /* MedalWall */;
			targetProxy = 60B570CA2EA616CA000B3FDE /* PBXContainerItemProxy */;
		};
/* End PBXTargetDependency section */

/* Begin XCBuildConfiguration section */
		60B570D12EA616CA000B3FDE /* Debug */ = {
			isa = XCBuildConfiguration;
			buildSettings = {
				ALWAYS_SEARCH_USER_PATHS = NO;
				ASSETCATALOG_COMPILER_GENERATE_SWIFT_ASSET_SYMBOL_EXTENSIONS = YES;
				CLANG_ANALYZER_NONNULL = YES;
				CLANG_ANALYZER_NUMBER_OBJECT_CONVERSION = YES_AGGRESSIVE;
				CLANG_CXX_LANGUAGE_STANDARD = "gnu++20";
				CLANG_ENABLE_MODULES = YES;
				CLANG_ENABLE_OBJC_ARC = YES;
				CLANG_ENABLE_OBJC_WEAK = YES;
				CLANG_WARN_BLOCK_CAPTURE_AUTORELEASING = YES;
				CLANG_WARN_BOOL_CONVERSION = YES;
				CLANG_WARN_COMMA = YES;
				CLANG_WARN_CONSTANT_CONVERSION = YES;
				CLANG_WARN_DEPRECATED_OBJC_IMPLEMENTATIONS = YES;
				CLANG_WARN_DIRECT_OBJC_ISA_USAGE = YES_ERROR;
				CLANG_WARN_DOCUMENTATION_COMMENTS = YES;
				CLANG_WARN_EMPTY_BODY = YES;
				CLANG_WARN_ENUM_CONVERSION = YES;
				CLANG_WARN_INFINITE_RECURSION = YES;
				CLANG_WARN_INT_CONVERSION = YES;
				CLANG_WARN_NON_LITERAL_NULL_CONVERSION = YES;
				CLANG_WARN_OBJC_IMPLICIT_RETAIN_SELF = YES;
				CLANG_WARN_OBJC_LITERAL_CONVERSION = YES;
				CLANG_WARN_OBJC_ROOT_CLASS = YES_ERROR;
				CLANG_WARN_QUOTED_INCLUDE_IN_FRAMEWORK_HEADER = YES;
				CLANG_WARN_RANGE_LOOP_ANALYSIS = YES;
				CLANG_WARN_STRICT_PROTOTYPES = YES;
				CLANG_WARN_SUSPICIOUS_MOVE = YES;
				CLANG_WARN_UNGUARDED_AVAILABILITY = YES_AGGRESSIVE;
				CLANG_WARN_UNREACHABLE_CODE = YES;
				CLANG_WARN__DUPLICATE_METHOD_MATCH = YES;
				COPY_PHASE_STRIP = NO;
				DEBUG_INFORMATION_FORMAT = dwarf;
				DEVELOPMENT_TEAM = 4CDTPKY853;
				ENABLE_STRICT_OBJC_MSGSEND = YES;
				ENABLE_TESTABILITY = YES;
				ENABLE_USER_SCRIPT_SANDBOXING = YES;
				GCC_C_LANGUAGE_STANDARD = gnu17;
				GCC_DYNAMIC_NO_PIC = NO;
				GCC_NO_COMMON_BLOCKS = YES;
				GCC_OPTIMIZATION_LEVEL = 0;
				GCC_PREPROCESSOR_DEFINITIONS = (
					"DEBUG=1",
					"$(inherited)",
				);
				GCC_WARN_64_TO_32_BIT_CONVERSION = YES;
				GCC_WARN_ABOUT_RETURN_TYPE = YES_ERROR;
				GCC_WARN_UNDECLARED_SELECTOR = YES;
				GCC_WARN_UNINITIALIZED_AUTOS = YES_AGGRESSIVE;
				GCC_WARN_UNUSED_FUNCTION = YES;
				GCC_WARN_UNUSED_VARIABLE = YES;
				IPHONEOS_DEPLOYMENT_TARGET = 26.0;
				LOCALIZATION_PREFERS_STRING_CATALOGS = YES;
				MTL_ENABLE_DEBUG_INFO = INCLUDE_SOURCE;
				MTL_FAST_MATH = YES;
				ONLY_ACTIVE_ARCH = YES;
				SDKROOT = iphoneos;
				SWIFT_ACTIVE_COMPILATION_CONDITIONS = "DEBUG $(inherited)";
				SWIFT_OPTIMIZATION_LEVEL = "-Onone";
			};
			name = Debug;
		};
		60B570D22EA616CA000B3FDE /* Release */ = {
			isa = XCBuildConfiguration;
			buildSettings = {
				ALWAYS_SEARCH_USER_PATHS = NO;
				ASSETCATALOG_COMPILER_GENERATE_SWIFT_ASSET_SYMBOL_EXTENSIONS = YES;
				CLANG_ANALYZER_NONNULL = YES;
				CLANG_ANALYZER_NUMBER_OBJECT_CONVERSION = YES_AGGRESSIVE;
				CLANG_CXX_LANGUAGE_STANDARD = "gnu++20";
				CLANG_ENABLE_MODULES = YES;
				CLANG_ENABLE_OBJC_ARC = YES;
				CLANG_ENABLE_OBJC_WEAK = YES;
				CLANG_WARN_BLOCK_CAPTURE_AUTORELEASING = YES;
				CLANG_WARN_BOOL_CONVERSION = YES;
				CLANG_WARN_COMMA = YES;
				CLANG_WARN_CONSTANT_CONVERSION = YES;
				CLANG_WARN_DEPRECATED_OBJC_IMPLEMENTATIONS = YES;
				CLANG_WARN_DIRECT_OBJC_ISA_USAGE = YES_ERROR;
				CLANG_WARN_DOCUMENTATION_COMMENTS = YES;
				CLANG_WARN_EMPTY_BODY = YES;
				CLANG_WARN_ENUM_CONVERSION = YES;
				CLANG_WARN_INFINITE_RECURSION = YES;
				CLANG_WARN_INT_CONVERSION = YES;
				CLANG_WARN_NON_LITERAL_NULL_CONVERSION = YES;
				CLANG_WARN_OBJC_IMPLICIT_RETAIN_SELF = YES;
				CLANG_WARN_OBJC_LITERAL_CONVERSION = YES;
				CLANG_WARN_OBJC_ROOT_CLASS = YES_ERROR;
				CLANG_WARN_QUOTED_INCLUDE_IN_FRAMEWORK_HEADER = YES;
				CLANG_WARN_RANGE_LOOP_ANALYSIS = YES;
				CLANG_WARN_STRICT_PROTOTYPES = YES;
				CLANG_WARN_SUSPICIOUS_MOVE = YES;
				CLANG_WARN_UNGUARDED_AVAILABILITY = YES_AGGRESSIVE;
				CLANG_WARN_UNREACHABLE_CODE = YES;
				CLANG_WARN__DUPLICATE_METHOD_MATCH = YES;
				COPY_PHASE_STRIP = NO;
				DEBUG_INFORMATION_FORMAT = "dwarf-with-dsym";
				DEVELOPMENT_TEAM = 4CDTPKY853;
				ENABLE_NS_ASSERTIONS = NO;
				ENABLE_STRICT_OBJC_MSGSEND = YES;
				ENABLE_USER_SCRIPT_SANDBOXING = YES;
				GCC_C_LANGUAGE_STANDARD = gnu17;
				GCC_NO_COMMON_BLOCKS = YES;
				GCC_WARN_64_TO_32_BIT_CONVERSION = YES;
				GCC_WARN_ABOUT_RETURN_TYPE = YES_ERROR;
				GCC_WARN_UNDECLARED_SELECTOR = YES;
				GCC_WARN_UNINITIALIZED_AUTOS = YES_AGGRESSIVE;
				GCC_WARN_UNUSED_FUNCTION = YES;
				GCC_WARN_UNUSED_VARIABLE = YES;
				IPHONEOS_DEPLOYMENT_TARGET = 26.0;
				LOCALIZATION_PREFERS_STRING_CATALOGS = YES;
				MTL_ENABLE_DEBUG_INFO = NO;
				MTL_FAST_MATH = YES;
				SDKROOT = iphoneos;
				SWIFT_COMPILATION_MODE = wholemodule;
				VALIDATE_PRODUCT = YES;
			};
			name = Release;
		};
		60B570D42EA616CA000B3FDE /* Debug */ = {
			isa = XCBuildConfiguration;
			buildSettings = {
				ASSETCATALOG_COMPILER_APPICON_NAME = AppIcon;
				ASSETCATALOG_COMPILER_GLOBAL_ACCENT_COLOR_NAME = AccentColor;
				CODE_SIGN_STYLE = Automatic;
				CURRENT_PROJECT_VERSION = 1;
				DEVELOPMENT_TEAM = 4CDTPKY853;
				ENABLE_PREVIEWS = YES;
				GENERATE_INFOPLIST_FILE = YES;
				INFOPLIST_KEY_UIApplicationSceneManifest_Generation = YES;
				INFOPLIST_KEY_UIApplicationSupportsIndirectInputEvents = YES;
				INFOPLIST_KEY_UILaunchScreen_Generation = YES;
				INFOPLIST_KEY_UISupportedInterfaceOrientations = UIInterfaceOrientationPortrait;
				INFOPLIST_KEY_UISupportedInterfaceOrientations_iPad = "UIInterfaceOrientationLandscapeLeft UIInterfaceOrientationLandscapeRight UIInterfaceOrientationPortrait UIInterfaceOrientationPortraitUpsideDown";
				LD_RUNPATH_SEARCH_PATHS = (
					"$(inherited)",
					"@executable_path/Frameworks",
				);
				MARKETING_VERSION = 1.0;
				PRODUCT_BUNDLE_IDENTIFIER = com.TsungHsun.MedalWall;
				PRODUCT_NAME = "$(TARGET_NAME)";
				STRING_CATALOG_GENERATE_SYMBOLS = YES;
				SWIFT_APPROACHABLE_CONCURRENCY = YES;
				SWIFT_DEFAULT_ACTOR_ISOLATION = MainActor;
				SWIFT_EMIT_LOC_STRINGS = YES;
				SWIFT_UPCOMING_FEATURE_MEMBER_IMPORT_VISIBILITY = YES;
				SWIFT_VERSION = 6.0;
				TARGETED_DEVICE_FAMILY = "1,2";
			};
			name = Debug;
		};
		60B570D52EA616CA000B3FDE /* Release */ = {
			isa = XCBuildConfiguration;
			buildSettings = {
				ASSETCATALOG_COMPILER_APPICON_NAME = AppIcon;
				ASSETCATALOG_COMPILER_GLOBAL_ACCENT_COLOR_NAME = AccentColor;
				CODE_SIGN_STYLE = Automatic;
				CURRENT_PROJECT_VERSION = 1;
				DEVELOPMENT_TEAM = 4CDTPKY853;
				ENABLE_PREVIEWS = YES;
				GENERATE_INFOPLIST_FILE = YES;
				INFOPLIST_KEY_UIApplicationSceneManifest_Generation = YES;
				INFOPLIST_KEY_UIApplicationSupportsIndirectInputEvents = YES;
				INFOPLIST_KEY_UILaunchScreen_Generation = YES;
				INFOPLIST_KEY_UISupportedInterfaceOrientations = UIInterfaceOrientationPortrait;
				INFOPLIST_KEY_UISupportedInterfaceOrientations_iPad = "UIInterfaceOrientationLandscapeLeft UIInterfaceOrientationLandscapeRight UIInterfaceOrientationPortrait UIInterfaceOrientationPortraitUpsideDown";
				LD_RUNPATH_SEARCH_PATHS = (
					"$(inherited)",
					"@executable_path/Frameworks",
				);
				MARKETING_VERSION = 1.0;
				PRODUCT_BUNDLE_IDENTIFIER = com.TsungHsun.MedalWall;
				PRODUCT_NAME = "$(TARGET_NAME)";
				STRING_CATALOG_GENERATE_SYMBOLS = YES;
				SWIFT_APPROACHABLE_CONCURRENCY = YES;
				SWIFT_DEFAULT_ACTOR_ISOLATION = MainActor;
				SWIFT_EMIT_LOC_STRINGS = YES;
				SWIFT_UPCOMING_FEATURE_MEMBER_IMPORT_VISIBILITY = YES;
				SWIFT_VERSION = 6.0;
				TARGETED_DEVICE_FAMILY = "1,2";
			};
			name = Release;
		};
		60B570D72EA616CA000B3FDE /* Debug */ = {
			isa = XCBuildConfiguration;
			buildSettings = {
				BUNDLE_LOADER = "$(TEST_HOST)";
				CODE_SIGN_STYLE = Automatic;
				CURRENT_PROJECT_VERSION = 1;
				DEVELOPMENT_TEAM = 4CDTPKY853;
				GENERATE_INFOPLIST_FILE = YES;
				IPHONEOS_DEPLOYMENT_TARGET = 26.0;
				MARKETING_VERSION = 1.0;
				PRODUCT_BUNDLE_IDENTIFIER = com.TsungHsun.MedalWallTests;
				PRODUCT_NAME = "$(TARGET_NAME)";
				STRING_CATALOG_GENERATE_SYMBOLS = NO;
				SWIFT_APPROACHABLE_CONCURRENCY = YES;
				SWIFT_EMIT_LOC_STRINGS = NO;
				SWIFT_UPCOMING_FEATURE_MEMBER_IMPORT_VISIBILITY = YES;
				SWIFT_VERSION = 5.0;
				TARGETED_DEVICE_FAMILY = "1,2";
				TEST_HOST = "$(BUILT_PRODUCTS_DIR)/MedalWall.app/$(BUNDLE_EXECUTABLE_FOLDER_PATH)/MedalWall";
			};
			name = Debug;
		};
		60B570D82EA616CA000B3FDE /* Release */ = {
			isa = XCBuildConfiguration;
			buildSettings = {
				BUNDLE_LOADER = "$(TEST_HOST)";
				CODE_SIGN_STYLE = Automatic;
				CURRENT_PROJECT_VERSION = 1;
				DEVELOPMENT_TEAM = 4CDTPKY853;
				GENERATE_INFOPLIST_FILE = YES;
				IPHONEOS_DEPLOYMENT_TARGET = 26.0;
				MARKETING_VERSION = 1.0;
				PRODUCT_BUNDLE_IDENTIFIER = com.TsungHsun.MedalWallTests;
				PRODUCT_NAME = "$(TARGET_NAME)";
				STRING_CATALOG_GENERATE_SYMBOLS = NO;
				SWIFT_APPROACHABLE_CONCURRENCY = YES;
				SWIFT_EMIT_LOC_STRINGS = NO;
				SWIFT_UPCOMING_FEATURE_MEMBER_IMPORT_VISIBILITY = YES;
				SWIFT_VERSION = 5.0;
				TARGETED_DEVICE_FAMILY = "1,2";
				TEST_HOST = "$(BUILT_PRODUCTS_DIR)/MedalWall.app/$(BUNDLE_EXECUTABLE_FOLDER_PATH)/MedalWall";
			};
			name = Release;
		};
		60B570DA2EA616CA000B3FDE /* Debug */ = {
			isa = XCBuildConfiguration;
			buildSettings = {
				CODE_SIGN_STYLE = Automatic;
				CURRENT_PROJECT_VERSION = 1;
				DEVELOPMENT_TEAM = 4CDTPKY853;
				GENERATE_INFOPLIST_FILE = YES;
				MARKETING_VERSION = 1.0;
				PRODUCT_BUNDLE_IDENTIFIER = com.TsungHsun.MedalWallUITests;
				PRODUCT_NAME = "$(TARGET_NAME)";
				STRING_CATALOG_GENERATE_SYMBOLS = NO;
				SWIFT_APPROACHABLE_CONCURRENCY = YES;
				SWIFT_EMIT_LOC_STRINGS = NO;
				SWIFT_UPCOMING_FEATURE_MEMBER_IMPORT_VISIBILITY = YES;
				SWIFT_VERSION = 5.0;
				TARGETED_DEVICE_FAMILY = "1,2";
				TEST_TARGET_NAME = MedalWall;
			};
			name = Debug;
		};
		60B570DB2EA616CA000B3FDE /* Release */ = {
			isa = XCBuildConfiguration;
			buildSettings = {
				CODE_SIGN_STYLE = Automatic;
				CURRENT_PROJECT_VERSION = 1;
				DEVELOPMENT_TEAM = 4CDTPKY853;
				GENERATE_INFOPLIST_FILE = YES;
				MARKETING_VERSION = 1.0;
				PRODUCT_BUNDLE_IDENTIFIER = com.TsungHsun.MedalWallUITests;
				PRODUCT_NAME = "$(TARGET_NAME)";
				STRING_CATALOG_GENERATE_SYMBOLS = NO;
				SWIFT_APPROACHABLE_CONCURRENCY = YES;
				SWIFT_EMIT_LOC_STRINGS = NO;
				SWIFT_UPCOMING_FEATURE_MEMBER_IMPORT_VISIBILITY = YES;
				SWIFT_VERSION = 5.0;
				TARGETED_DEVICE_FAMILY = "1,2";
				TEST_TARGET_NAME = MedalWall;
			};
			name = Release;
		};
/* End XCBuildConfiguration section */

/* Begin XCConfigurationList section */
		60B570AB2EA616C8000B3FDE /* Build configuration list for PBXProject "MedalWall" */ = {
			isa = XCConfigurationList;
			buildConfigurations = (
				60B570D12EA616CA000B3FDE /* Debug */,
				60B570D22EA616CA000B3FDE /* Release */,
			);
			defaultConfigurationIsVisible = 0;
			defaultConfigurationName = Release;
		};
		60B570D32EA616CA000B3FDE /* Build configuration list for PBXNativeTarget "MedalWall" */ = {
			isa = XCConfigurationList;
			buildConfigurations = (
				60B570D42EA616CA000B3FDE /* Debug */,
				60B570D52EA616CA000B3FDE /* Release */,
			);
			defaultConfigurationIsVisible = 0;
			defaultConfigurationName = Release;
		};
		60B570D62EA616CA000B3FDE /* Build configuration list for PBXNativeTarget "MedalWallTests" */ = {
			isa = XCConfigurationList;
			buildConfigurations = (
				60B570D72EA616CA000B3FDE /* Debug */,
				60B570D82EA616CA000B3FDE /* Release */,
			);
			defaultConfigurationIsVisible = 0;
			defaultConfigurationName = Release;
		};
		60B570D92EA616CA000B3FDE /* Build configuration list for PBXNativeTarget "MedalWallUITests" */ = {
			isa = XCConfigurationList;
			buildConfigurations = (
				60B570DA2EA616CA000B3FDE /* Debug */,
				60B570DB2EA616CA000B3FDE /* Release */,
			);
			defaultConfigurationIsVisible = 0;
			defaultConfigurationName = Release;
		};
/* End XCConfigurationList section */
	};
	rootObject = 60B570A82EA616C8000B3FDE /* Project object */;
}
